
Microsoft Visual Studio Solution File, Format Version 12.00
# Visual Studio 14
VisualStudioVersion = 14.0.25420.1
MinimumVisualStudioVersion = 10.0.40219.1
Project("{FAE04EC0-301F-11D3-BF4B-00C04F79EFBC}") = "playsports.service", "playsports.service\playsports.service.csproj", "{644362FC-63AB-4646-8969-57C3985785C7}"
EndProject
Project("{FAE04EC0-301F-11D3-BF4B-00C04F79EFBC}") = "playsports.data", "playsports.data\playsports.data.csproj", "{A9D6D977-3DC6-480B-BBE6-83B7C3642E12}"
EndProject
Global
	GlobalSection(SolutionConfigurationPlatforms) = preSolution
		Debug|Any CPU = Debug|Any CPU
		Release|Any CPU = Release|Any CPU
	EndGlobalSection
	GlobalSection(ProjectConfigurationPlatforms) = postSolution
		{644362FC-63AB-4646-8969-57C3985785C7}.Debug|Any CPU.ActiveCfg = Debug|Any CPU
		{644362FC-63AB-4646-8969-57C3985785C7}.Debug|Any CPU.Build.0 = Debug|Any CPU
		{644362FC-63AB-4646-8969-57C3985785C7}.Release|Any CPU.ActiveCfg = Release|Any CPU
		{644362FC-63AB-4646-8969-57C3985785C7}.Release|Any CPU.Build.0 = Release|Any CPU
		{A9D6D977-3DC6-480B-BBE6-83B7C3642E12}.Debug|Any CPU.ActiveCfg = Debug|Any CPU
		{A9D6D977-3DC6-480B-BBE6-83B7C3642E12}.Debug|Any CPU.Build.0 = Debug|Any CPU
		{A9D6D977-3DC6-480B-BBE6-83B7C3642E12}.Release|Any CPU.ActiveCfg = Release|Any CPU
		{A9D6D977-3DC6-480B-BBE6-83B7C3642E12}.Release|Any CPU.Build.0 = Release|Any CPU
	EndGlobalSection
	GlobalSection(SolutionProperties) = preSolution
		HideSolutionNode = FALSE
	EndGlobalSection
EndGlobal
